// !$*UTF8*$!
{
	archiveVersion = 1;
	classes = {
	};
	objectVersion = 55;
	objects = {

/* Begin PBXBuildFile section */
		779010AA27383B5E0000EAF1 /* AppDelegate.swift in Sources */ = {isa = PBXBuildFile; fileRef = 779010A927383B5E0000EAF1 /* AppDelegate.swift */; };
		779010AC27383B5E0000EAF1 /* SceneDelegate.swift in Sources */ = {isa = PBXBuildFile; fileRef = 779010AB27383B5E0000EAF1 /* SceneDelegate.swift */; };
		779010AE27383B5E0000EAF1 /* ViewController.swift in Sources */ = {isa = PBXBuildFile; fileRef = 779010AD27383B5E0000EAF1 /* ViewController.swift */; };
		779010B127383B5E0000EAF1 /* Main.storyboard in Resources */ = {isa = PBXBuildFile; fileRef = 779010AF27383B5E0000EAF1 /* Main.storyboard */; };
		779010B427383B5E0000EAF1 /* navigAId.xcdatamodeld in Sources */ = {isa = PBXBuildFile; fileRef = 779010B227383B5E0000EAF1 /* navigAId.xcdatamodeld */; };
		779010B627383B5F0000EAF1 /* Assets.xcassets in Resources */ = {isa = PBXBuildFile; fileRef = 779010B527383B5F0000EAF1 /* Assets.xcassets */; };
		779010B927383B5F0000EAF1 /* LaunchScreen.storyboard in Resources */ = {isa = PBXBuildFile; fileRef = 779010B727383B5F0000EAF1 /* LaunchScreen.storyboard */; };
		779010C427383B5F0000EAF1 /* navigAIdTests.swift in Sources */ = {isa = PBXBuildFile; fileRef = 779010C327383B5F0000EAF1 /* navigAIdTests.swift */; };
		779010CE27383B5F0000EAF1 /* navigAIdUITests.swift in Sources */ = {isa = PBXBuildFile; fileRef = 779010CD27383B5F0000EAF1 /* navigAIdUITests.swift */; };
		779010D027383B5F0000EAF1 /* navigAIdUITestsLaunchTests.swift in Sources */ = {isa = PBXBuildFile; fileRef = 779010CF27383B5F0000EAF1 /* navigAIdUITestsLaunchTests.swift */; };
		779010E127383C610000EAF1 /* Navfinal.mlmodel in Sources */ = {isa = PBXBuildFile; fileRef = 779010E027383C610000EAF1 /* Navfinal.mlmodel */; };
		779010E3273844BB0000EAF1 /* Navfinal.mlmodel in Sources */ = {isa = PBXBuildFile; fileRef = 779010E2273844BB0000EAF1 /* Navfinal.mlmodel */; };
/* End PBXBuildFile section */

/* Begin PBXContainerItemProxy section */
		779010C027383B5F0000EAF1 /* PBXContainerItemProxy */ = {
			isa = PBXContainerItemProxy;
			containerPortal = 7790109E27383B5D0000EAF1 /* Project object */;
			proxyType = 1;
			remoteGlobalIDString = 779010A527383B5E0000EAF1;
			remoteInfo = navigAId;
		};
		779010CA27383B5F0000EAF1 /* PBXContainerItemProxy */ = {
			isa = PBXContainerItemProxy;
			containerPortal = 7790109E27383B5D0000EAF1 /* Project object */;
			proxyType = 1;
			remoteGlobalIDString = 779010A527383B5E0000EAF1;
			remoteInfo = navigAId;
		};
/* End PBXContainerItemProxy section */

/* Begin PBXFileReference section */
		779010A627383B5E0000EAF1 /* navigAId.app */ = {isa = PBXFileReference; explicitFileType = wrapper.application; includeInIndex = 0; path = navigAId.app; sourceTree = BUILT_PRODUCTS_DIR; };
		779010A927383B5E0000EAF1 /* AppDelegate.swift */ = {isa = PBXFileReference; lastKnownFileType = sourcecode.swift; path = AppDelegate.swift; sourceTree = "<group>"; };
		779010AB27383B5E0000EAF1 /* SceneDelegate.swift */ = {isa = PBXFileReference; lastKnownFileType = sourcecode.swift; path = SceneDelegate.swift; sourceTree = "<group>"; };
		779010AD27383B5E0000EAF1 /* ViewController.swift */ = {isa = PBXFileReference; lastKnownFileType = sourcecode.swift; path = ViewController.swift; sourceTree = "<group>"; };
		779010B027383B5E0000EAF1 /* Base */ = {isa = PBXFileReference; lastKnownFileType = file.storyboard; name = Base; path = Base.lproj/Main.storyboard; sourceTree = "<group>"; };
		779010B327383B5E0000EAF1 /* navigAId.xcdatamodel */ = {isa = PBXFileReference; lastKnownFileType = wrapper.xcdatamodel; path = navigAId.xcdatamodel; sourceTree = "<group>"; };
		779010B527383B5F0000EAF1 /* Assets.xcassets */ = {isa = PBXFileReference; lastKnownFileType = folder.assetcatalog; path = Assets.xcassets; sourceTree = "<group>"; };
		779010B827383B5F0000EAF1 /* Base */ = {isa = PBXFileReference; lastKnownFileType = file.storyboard; name = Base; path = Base.lproj/LaunchScreen.storyboard; sourceTree = "<group>"; };
		779010BA27383B5F0000EAF1 /* Info.plist */ = {isa = PBXFileReference; lastKnownFileType = text.plist.xml; path = Info.plist; sourceTree = "<group>"; };
		779010BF27383B5F0000EAF1 /* navigAIdTests.xctest */ = {isa = PBXFileReference; explicitFileType = wrapper.cfbundle; includeInIndex = 0; path = navigAIdTests.xctest; sourceTree = BUILT_PRODUCTS_DIR; };
		779010C327383B5F0000EAF1 /* navigAIdTests.swift */ = {isa = PBXFileReference; lastKnownFileType = sourcecode.swift; path = navigAIdTests.swift; sourceTree = "<group>"; };
		779010C927383B5F0000EAF1 /* navigAIdUITests.xctest */ = {isa = PBXFileReference; explicitFileType = wrapper.cfbundle; includeInIndex = 0; path = navigAIdUITests.xctest; sourceTree = BUILT_PRODUCTS_DIR; };
		779010CD27383B5F0000EAF1 /* navigAIdUITests.swift */ = {isa = PBXFileReference; lastKnownFileType = sourcecode.swift; path = navigAIdUITests.swift; sourceTree = "<group>"; };
		779010CF27383B5F0000EAF1 /* navigAIdUITestsLaunchTests.swift */ = {isa = PBXFileReference; lastKnownFileType = sourcecode.swift; path = navigAIdUITestsLaunchTests.swift; sourceTree = "<group>"; };
		779010E027383C610000EAF1 /* Navfinal.mlmodel */ = {isa = PBXFileReference; lastKnownFileType = file.mlmodel; name = Navfinal.mlmodel; path = ../../Navfinal.mlmodel; sourceTree = "<group>"; };
		779010E2273844BB0000EAF1 /* Navfinal.mlmodel */ = {isa = PBXFileReference; lastKnownFileType = file.mlmodel; name = Navfinal.mlmodel; path = ../../Navfinal.mlmodel; sourceTree = "<group>"; };
/* End PBXFileReference section */

/* Begin PBXFrameworksBuildPhase section */
		779010A327383B5E0000EAF1 /* Frameworks */ = {
			isa = PBXFrameworksBuildPhase;
			buildActionMask = 2147483647;
			files = (
			);
			runOnlyForDeploymentPostprocessing = 0;
		};
		779010BC27383B5F0000EAF1 /* Frameworks */ = {
			isa = PBXFrameworksBuildPhase;
			buildActionMask = 2147483647;
			files = (
			);
			runOnlyForDeploymentPostprocessing = 0;
		};
		779010C627383B5F0000EAF1 /* Frameworks */ = {
			isa = PBXFrameworksBuildPhase;
			buildActionMask = 2147483647;
			files = (
			);
			runOnlyForDeploymentPostprocessing = 0;
		};
/* End PBXFrameworksBuildPhase section */

/* Begin PBXGroup section */
		7790109D27383B5D0000EAF1 = {
			isa = PBXGroup;
			children = (
				779010A827383B5E0000EAF1 /* navigAId */,
				779010C227383B5F0000EAF1 /* navigAIdTests */,
				779010CC27383B5F0000EAF1 /* navigAIdUITests */,
				779010A727383B5E0000EAF1 /* Products */,
			);
			sourceTree = "<group>";
		};
		779010A727383B5E0000EAF1 /* Products */ = {
			isa = PBXGroup;
			children = (
				779010A627383B5E0000EAF1 /* navigAId.app */,
				779010BF27383B5F0000EAF1 /* navigAIdTests.xctest */,
				779010C927383B5F0000EAF1 /* navigAIdUITests.xctest */,
			);
			name = Products;
			sourceTree = "<group>";
		};
		779010A827383B5E0000EAF1 /* navigAId */ = {
			isa = PBXGroup;
			children = (
				779010A927383B5E0000EAF1 /* AppDelegate.swift */,
				779010AB27383B5E0000EAF1 /* SceneDelegate.swift */,
				779010AD27383B5E0000EAF1 /* ViewController.swift */,
				779010AF27383B5E0000EAF1 /* Main.storyboard */,
				779010B527383B5F0000EAF1 /* Assets.xcassets */,
				779010E027383C610000EAF1 /* Navfinal.mlmodel */,
				779010B727383B5F0000EAF1 /* LaunchScreen.storyboard */,
				779010BA27383B5F0000EAF1 /* Info.plist */,
				779010B227383B5E0000EAF1 /* navigAId.xcdatamodeld */,
			);
			path = navigAId;
			sourceTree = "<group>";
		};
		779010C227383B5F0000EAF1 /* navigAIdTests */ = {
			isa = PBXGroup;
			children = (
				779010C327383B5F0000EAF1 /* navigAIdTests.swift */,
			);
			path = navigAIdTests;
			sourceTree = "<group>";
		};
		779010CC27383B5F0000EAF1 /* navigAIdUITests */ = {
			isa = PBXGroup;
			children = (
				779010E2273844BB0000EAF1 /* Navfinal.mlmodel */,
				779010CD27383B5F0000EAF1 /* navigAIdUITests.swift */,
				779010CF27383B5F0000EAF1 /* navigAIdUITestsLaunchTests.swift */,
			);
			path = navigAIdUITests;
			sourceTree = "<group>";
		};
/* End PBXGroup section */

/* Begin PBXNativeTarget section */
		779010A527383B5E0000EAF1 /* navigAId */ = {
			isa = PBXNativeTarget;
			buildConfigurationList = 779010D327383B5F0000EAF1 /* Build configuration list for PBXNativeTarget "navigAId" */;
			buildPhases = (
				779010A227383B5E0000EAF1 /* Sources */,
				779010A327383B5E0000EAF1 /* Frameworks */,
				779010A427383B5E0000EAF1 /* Resources */,
			);
			buildRules = (
			);
			dependencies = (
			);
			name = navigAId;
			productName = navigAId;
			productReference = 779010A627383B5E0000EAF1 /* navigAId.app */;
			productType = "com.apple.product-type.application";
		};
		779010BE27383B5F0000EAF1 /* navigAIdTests */ = {
			isa = PBXNativeTarget;
			buildConfigurationList = 779010D627383B5F0000EAF1 /* Build configuration list for PBXNativeTarget "navigAIdTests" */;
			buildPhases = (
				779010BB27383B5F0000EAF1 /* Sources */,
				779010BC27383B5F0000EAF1 /* Frameworks */,
				779010BD27383B5F0000EAF1 /* Resources */,
			);
			buildRules = (
			);
			dependencies = (
				779010C127383B5F0000EAF1 /* PBXTargetDependency */,
			);
			name = navigAIdTests;
			productName = navigAIdTests;
			productReference = 779010BF27383B5F0000EAF1 /* navigAIdTests.xctest */;
			productType = "com.apple.product-type.bundle.unit-test";
		};
		779010C827383B5F0000EAF1 /* navigAIdUITests */ = {
			isa = PBXNativeTarget;
			buildConfigurationList = 779010D927383B5F0000EAF1 /* Build configuration list for PBXNativeTarget "navigAIdUITests" */;
			buildPhases = (
				779010C527383B5F0000EAF1 /* Sources */,
				779010C627383B5F0000EAF1 /* Frameworks */,
				779010C727383B5F0000EAF1 /* Resources */,
			);
			buildRules = (
			);
			dependencies = (
				779010CB27383B5F0000EAF1 /* PBXTargetDependency */,
			);
			name = navigAIdUITests;
			productName = navigAIdUITests;
			productReference = 779010C927383B5F0000EAF1 /* navigAIdUITests.xctest */;
			productType = "com.apple.product-type.bundle.ui-testing";
		};
/* End PBXNativeTarget section */

/* Begin PBXProject section */
		7790109E27383B5D0000EAF1 /* Project object */ = {
			isa = PBXProject;
			attributes = {
				BuildIndependentTargetsInParallel = 1;
				LastSwiftUpdateCheck = 1300;
				LastUpgradeCheck = 1300;
				TargetAttributes = {
					779010A527383B5E0000EAF1 = {
						CreatedOnToolsVersion = 13.0;
					};
					779010BE27383B5F0000EAF1 = {
						CreatedOnToolsVersion = 13.0;
						TestTargetID = 779010A527383B5E0000EAF1;
					};
					779010C827383B5F0000EAF1 = {
						CreatedOnToolsVersion = 13.0;
						TestTargetID = 779010A527383B5E0000EAF1;
					};
				};
			};
			buildConfigurationList = 779010A127383B5D0000EAF1 /* Build configuration list for PBXProject "navigAId" */;
			compatibilityVersion = "Xcode 13.0";
			developmentRegion = en;
			hasScannedForEncodings = 0;
			knownRegions = (
				en,
				Base,
			);
			mainGroup = 7790109D27383B5D0000EAF1;
			productRefGroup = 779010A727383B5E0000EAF1 /* Products */;
			projectDirPath = "";
			projectRoot = "";
			targets = (
				779010A527383B5E0000EAF1 /* navigAId */,
				779010BE27383B5F0000EAF1 /* navigAIdTests */,
				779010C827383B5F0000EAF1 /* navigAIdUITests */,
			);
		};
/* End PBXProject section */

/* Begin PBXResourcesBuildPhase section */
		779010A427383B5E0000EAF1 /* Resources */ = {
			isa = PBXResourcesBuildPhase;
			buildActionMask = 2147483647;
			files = (
				779010B927383B5F0000EAF1 /* LaunchScreen.storyboard in Resources */,
				779010B627383B5F0000EAF1 /* Assets.xcassets in Resources */,
				779010B127383B5E0000EAF1 /* Main.storyboard in Resources */,
			);
			runOnlyForDeploymentPostprocessing = 0;
		};
		779010BD27383B5F0000EAF1 /* Resources */ = {
			isa = PBXResourcesBuildPhase;
			buildActionMask = 2147483647;
			files = (
			);
			runOnlyForDeploymentPostprocessing = 0;
		};
		779010C727383B5F0000EAF1 /* Resources */ = {
			isa = PBXResourcesBuildPhase;
			buildActionMask = 2147483647;
			files = (
			);
			runOnlyForDeploymentPostprocessing = 0;
		};
/* End PBXResourcesBuildPhase section */

/* Begin PBXSourcesBuildPhase section */
		779010A227383B5E0000EAF1 /* Sources */ = {
			isa = PBXSourcesBuildPhase;
			buildActionMask = 2147483647;
			files = (
				779010B427383B5E0000EAF1 /* navigAId.xcdatamodeld in Sources */,
				779010AE27383B5E0000EAF1 /* ViewController.swift in Sources */,
				779010AA27383B5E0000EAF1 /* AppDelegate.swift in Sources */,
				779010AC27383B5E0000EAF1 /* SceneDelegate.swift in Sources */,
				779010E127383C610000EAF1 /* Navfinal.mlmodel in Sources */,
			);
			runOnlyForDeploymentPostprocessing = 0;
		};
		779010BB27383B5F0000EAF1 /* Sources */ = {
			isa = PBXSourcesBuildPhase;
			buildActionMask = 2147483647;
			files = (
				779010C427383B5F0000EAF1 /* navigAIdTests.swift in Sources */,
			);
			runOnlyForDeploymentPostprocessing = 0;
		};
		779010C527383B5F0000EAF1 /* Sources */ = {
			isa = PBXSourcesBuildPhase;
			buildActionMask = 2147483647;
			files = (
				779010D027383B5F0000EAF1 /* navigAIdUITestsLaunchTests.swift in Sources */,
				779010E3273844BB0000EAF1 /* Navfinal.mlmodel in Sources */,
				779010CE27383B5F0000EAF1 /* navigAIdUITests.swift in Sources */,
			);
			runOnlyForDeploymentPostprocessing = 0;
		};
/* End PBXSourcesBuildPhase section */

/* Begin PBXTargetDependency section */
		779010C127383B5F0000EAF1 /* PBXTargetDependency */ = {
			isa = PBXTargetDependency;
			target = 779010A527383B5E0000EAF1 /* navigAId */;
			targetProxy = 779010C027383B5F0000EAF1 /* PBXContainerItemProxy */;
		};
		779010CB27383B5F0000EAF1 /* PBXTargetDependency */ = {
			isa = PBXTargetDependency;
			target = 779010A527383B5E0000EAF1 /* navigAId */;
			targetProxy = 779010CA27383B5F0000EAF1 /* PBXContainerItemProxy */;
		};
/* End PBXTargetDependency section */

/* Begin PBXVariantGroup section */
		779010AF27383B5E0000EAF1 /* Main.storyboard */ = {
			isa = PBXVariantGroup;
			children = (
				779010B027383B5E0000EAF1 /* Base */,
			);
			name = Main.storyboard;
			sourceTree = "<group>";
		};
		779010B727383B5F0000EAF1 /* LaunchScreen.storyboard */ = {
			isa = PBXVariantGroup;
			children = (
				779010B827383B5F0000EAF1 /* Base */,
			);
			name = LaunchScreen.storyboard;
			sourceTree = "<group>";
		};
/* End PBXVariantGroup section */

/* Begin XCBuildConfiguration section */
		779010D127383B5F0000EAF1 /* Debug */ = {
			isa = XCBuildConfiguration;
			buildSettings = {
				ALWAYS_SEARCH_USER_PATHS = NO;
				CLANG_ANALYZER_NONNULL = YES;
				CLANG_ANALYZER_NUMBER_OBJECT_CONVERSION = YES_AGGRESSIVE;
				CLANG_CXX_LANGUAGE_STANDARD = "gnu++17";
				CLANG_CXX_LIBRARY = "libc++";
				CLANG_ENABLE_MODULES = YES;
				CLANG_ENABLE_OBJC_ARC = YES;
				CLANG_ENABLE_OBJC_WEAK = YES;
				CLANG_WARN_BLOCK_CAPTURE_AUTORELEASING = YES;
				CLANG_WARN_BOOL_CONVERSION = YES;
				CLANG_WARN_COMMA = YES;
				CLANG_WARN_CONSTANT_CONVERSION = YES;
				CLANG_WARN_DEPRECATED_OBJC_IMPLEMENTATIONS = YES;
				CLANG_WARN_DIRECT_OBJC_ISA_USAGE = YES_ERROR;
				CLANG_WARN_DOCUMENTATION_COMMENTS = YES;
				CLANG_WARN_EMPTY_BODY = YES;
				CLANG_WARN_ENUM_CONVERSION = YES;
				CLANG_WARN_INFINITE_RECURSION = YES;
				CLANG_WARN_INT_CONVERSION = YES;
				CLANG_WARN_NON_LITERAL_NULL_CONVERSION = YES;
				CLANG_WARN_OBJC_IMPLICIT_RETAIN_SELF = YES;
				CLANG_WARN_OBJC_LITERAL_CONVERSION = YES;
				CLANG_WARN_OBJC_ROOT_CLASS = YES_ERROR;
				CLANG_WARN_QUOTED_INCLUDE_IN_FRAMEWORK_HEADER = YES;
				CLANG_WARN_RANGE_LOOP_ANALYSIS = YES;
				CLANG_WARN_STRICT_PROTOTYPES = YES;
				CLANG_WARN_SUSPICIOUS_MOVE = YES;
				CLANG_WARN_UNGUARDED_AVAILABILITY = YES_AGGRESSIVE;
				CLANG_WARN_UNREACHABLE_CODE = YES;
				CLANG_WARN__DUPLICATE_METHOD_MATCH = YES;
				COPY_PHASE_STRIP = NO;
				DEBUG_INFORMATION_FORMAT = dwarf;
				ENABLE_STRICT_OBJC_MSGSEND = YES;
				ENABLE_TESTABILITY = YES;
				GCC_C_LANGUAGE_STANDARD = gnu11;
				GCC_DYNAMIC_NO_PIC = NO;
				GCC_NO_COMMON_BLOCKS = YES;
				GCC_OPTIMIZATION_LEVEL = 0;
				GCC_PREPROCESSOR_DEFINITIONS = (
					"DEBUG=1",
					"$(inherited)",
				);
				GCC_WARN_64_TO_32_BIT_CONVERSION = YES;
				GCC_WARN_ABOUT_RETURN_TYPE = YES_ERROR;
				GCC_WARN_UNDECLARED_SELECTOR = YES;
				GCC_WARN_UNINITIALIZED_AUTOS = YES_AGGRESSIVE;
				GCC_WARN_UNUSED_FUNCTION = YES;
				GCC_WARN_UNUSED_VARIABLE = YES;
				IPHONEOS_DEPLOYMENT_TARGET = 15.0;
				MTL_ENABLE_DEBUG_INFO = INCLUDE_SOURCE;
				MTL_FAST_MATH = YES;
				ONLY_ACTIVE_ARCH = YES;
				SDKROOT = iphoneos;
				SWIFT_ACTIVE_COMPILATION_CONDITIONS = DEBUG;
				SWIFT_OPTIMIZATION_LEVEL = "-Onone";
				TARGETED_DEVICE_FAMILY = "1,2";
			};
			name = Debug;
		};
		779010D227383B5F0000EAF1 /* Release */ = {
			isa = XCBuildConfiguration;
			buildSettings = {
				ALWAYS_SEARCH_USER_PATHS = NO;
				CLANG_ANALYZER_NONNULL = YES;
				CLANG_ANALYZER_NUMBER_OBJECT_CONVERSION = YES_AGGRESSIVE;
				CLANG_CXX_LANGUAGE_STANDARD = "gnu++17";
				CLANG_CXX_LIBRARY = "libc++";
				CLANG_ENABLE_MODULES = YES;
				CLANG_ENABLE_OBJC_ARC = YES;
				CLANG_ENABLE_OBJC_WEAK = YES;
				CLANG_WARN_BLOCK_CAPTURE_AUTORELEASING = YES;
				CLANG_WARN_BOOL_CONVERSION = YES;
				CLANG_WARN_COMMA = YES;
				CLANG_WARN_CONSTANT_CONVERSION = YES;
				CLANG_WARN_DEPRECATED_OBJC_IMPLEMENTATIONS = YES;
				CLANG_WARN_DIRECT_OBJC_ISA_USAGE = YES_ERROR;
				CLANG_WARN_DOCUMENTATION_COMMENTS = YES;
				CLANG_WARN_EMPTY_BODY = YES;
				CLANG_WARN_ENUM_CONVERSION = YES;
				CLANG_WARN_INFINITE_RECURSION = YES;
				CLANG_WARN_INT_CONVERSION = YES;
				CLANG_WARN_NON_LITERAL_NULL_CONVERSION = YES;
				CLANG_WARN_OBJC_IMPLICIT_RETAIN_SELF = YES;
				CLANG_WARN_OBJC_LITERAL_CONVERSION = YES;
				CLANG_WARN_OBJC_ROOT_CLASS = YES_ERROR;
				CLANG_WARN_QUOTED_INCLUDE_IN_FRAMEWORK_HEADER = YES;
				CLANG_WARN_RANGE_LOOP_ANALYSIS = YES;
				CLANG_WARN_STRICT_PROTOTYPES = YES;
				CLANG_WARN_SUSPICIOUS_MOVE = YES;
				CLANG_WARN_UNGUARDED_AVAILABILITY = YES_AGGRESSIVE;
				CLANG_WARN_UNREACHABLE_CODE = YES;
				CLANG_WARN__DUPLICATE_METHOD_MATCH = YES;
				COPY_PHASE_STRIP = NO;
				DEBUG_INFORMATION_FORMAT = "dwarf-with-dsym";
				ENABLE_NS_ASSERTIONS = NO;
				ENABLE_STRICT_OBJC_MSGSEND = YES;
				GCC_C_LANGUAGE_STANDARD = gnu11;
				GCC_NO_COMMON_BLOCKS = YES;
				GCC_WARN_64_TO_32_BIT_CONVERSION = YES;
				GCC_WARN_ABOUT_RETURN_TYPE = YES_ERROR;
				GCC_WARN_UNDECLARED_SELECTOR = YES;
				GCC_WARN_UNINITIALIZED_AUTOS = YES_AGGRESSIVE;
				GCC_WARN_UNUSED_FUNCTION = YES;
				GCC_WARN_UNUSED_VARIABLE = YES;
				IPHONEOS_DEPLOYMENT_TARGET = 15.0;
				MTL_ENABLE_DEBUG_INFO = NO;
				MTL_FAST_MATH = YES;
				SDKROOT = iphoneos;
				SWIFT_COMPILATION_MODE = wholemodule;
				SWIFT_OPTIMIZATION_LEVEL = "-O";
				TARGETED_DEVICE_FAMILY = "1,2";
				VALIDATE_PRODUCT = YES;
			};
			name = Release;
		};
		779010D427383B5F0000EAF1 /* Debug */ = {
			isa = XCBuildConfiguration;
			buildSettings = {
				ASSETCATALOG_COMPILER_APPICON_NAME = AppIcon;
				ASSETCATALOG_COMPILER_GLOBAL_ACCENT_COLOR_NAME = AccentColor;
				CODE_SIGN_STYLE = Automatic;
				CURRENT_PROJECT_VERSION = 1;
				DEVELOPMENT_TEAM = STMR5TU4YP;
				GENERATE_INFOPLIST_FILE = YES;
				INFOPLIST_FILE = navigAId/Info.plist;
				INFOPLIST_KEY_UIApplicationSupportsIndirectInputEvents = YES;
				INFOPLIST_KEY_UILaunchStoryboardName = LaunchScreen;
				INFOPLIST_KEY_UIMainStoryboardFile = Main;
				INFOPLIST_KEY_UISupportedInterfaceOrientations_iPad = "UIInterfaceOrientationPortrait UIInterfaceOrientationPortraitUpsideDown UIInterfaceOrientationLandscapeLeft UIInterfaceOrientationLandscapeRight";
				INFOPLIST_KEY_UISupportedInterfaceOrientations_iPhone = "UIInterfaceOrientationPortrait UIInterfaceOrientationLandscapeLeft UIInterfaceOrientationLandscapeRight";
				IPHONEOS_DEPLOYMENT_TARGET = 14.0;
				LD_RUNPATH_SEARCH_PATHS = (
					"$(inherited)",
					"@executable_path/Frameworks",
				);
				MARKETING_VERSION = 1.0;
				PRODUCT_BUNDLE_IDENTIFIER = com.example.navigAId;
				PRODUCT_NAME = "$(TARGET_NAME)";
				SWIFT_EMIT_LOC_STRINGS = YES;
				SWIFT_VERSION = 5.0;
				TARGETED_DEVICE_FAMILY = "1,2";
			};
			name = Debug;
		};
		779010D527383B5F0000EAF1 /* Release */ = {
			isa = XCBuildConfiguration;
			buildSettings = {
				ASSETCATALOG_COMPILER_APPICON_NAME = AppIcon;
				ASSETCATALOG_COMPILER_GLOBAL_ACCENT_COLOR_NAME = AccentColor;
				CODE_SIGN_STYLE = Automatic;
				CURRENT_PROJECT_VERSION = 1;
				DEVELOPMENT_TEAM = STMR5TU4YP;
				GENERATE_INFOPLIST_FILE = YES;
				INFOPLIST_FILE = navigAId/Info.plist;
				INFOPLIST_KEY_UIApplicationSupportsIndirectInputEvents = YES;
				INFOPLIST_KEY_UILaunchStoryboardName = LaunchScreen;
				INFOPLIST_KEY_UIMainStoryboardFile = Main;
				INFOPLIST_KEY_UISupportedInterfaceOrientations_iPad = "UIInterfaceOrientationPortrait UIInterfaceOrientationPortraitUpsideDown UIInterfaceOrientationLandscapeLeft UIInterfaceOrientationLandscapeRight";
				INFOPLIST_KEY_UISupportedInterfaceOrientations_iPhone = "UIInterfaceOrientationPortrait UIInterfaceOrientationLandscapeLeft UIInterfaceOrientationLandscapeRight";
				IPHONEOS_DEPLOYMENT_TARGET = 14.0;
				LD_RUNPATH_SEARCH_PATHS = (
					"$(inherited)",
					"@executable_path/Frameworks",
				);
				MARKETING_VERSION = 1.0;
				PRODUCT_BUNDLE_IDENTIFIER = com.example.navigAId;
				PRODUCT_NAME = "$(TARGET_NAME)";
				SWIFT_EMIT_LOC_STRINGS = YES;
				SWIFT_VERSION = 5.0;
				TARGETED_DEVICE_FAMILY = "1,2";
			};
			name = Release;
		};
		779010D727383B5F0000EAF1 /* Debug */ = {
			isa = XCBuildConfiguration;
			buildSettings = {
				ALWAYS_EMBED_SWIFT_STANDARD_LIBRARIES = YES;
				BUNDLE_LOADER = "$(TEST_HOST)";
				CODE_SIGN_STYLE = Automatic;
				CURRENT_PROJECT_VERSION = 1;
				DEVELOPMENT_TEAM = STMR5TU4YP;
				GENERATE_INFOPLIST_FILE = YES;
				IPHONEOS_DEPLOYMENT_TARGET = 15.0;
				LD_RUNPATH_SEARCH_PATHS = (
					"$(inherited)",
					"@executable_path/Frameworks",
					"@loader_path/Frameworks",
				);
				MARKETING_VERSION = 1.0;
				PRODUCT_BUNDLE_IDENTIFIER = com.example.navigAIdTests;
				PRODUCT_NAME = "$(TARGET_NAME)";
				SWIFT_EMIT_LOC_STRINGS = NO;
				SWIFT_VERSION = 5.0;
				TARGETED_DEVICE_FAMILY = "1,2";
				TEST_HOST = "$(BUILT_PRODUCTS_DIR)/navigAId.app/navigAId";
			};
			name = Debug;
		};
		779010D827383B5F0000EAF1 /* Release */ = {
			isa = XCBuildConfiguration;
			buildSettings = {
				ALWAYS_EMBED_SWIFT_STANDARD_LIBRARIES = YES;
				BUNDLE_LOADER = "$(TEST_HOST)";
				CODE_SIGN_STYLE = Automatic;
				CURRENT_PROJECT_VERSION = 1;
				DEVELOPMENT_TEAM = STMR5TU4YP;
				GENERATE_INFOPLIST_FILE = YES;
				IPHONEOS_DEPLOYMENT_TARGET = 15.0;
				LD_RUNPATH_SEARCH_PATHS = (
					"$(inherited)",
					"@executable_path/Frameworks",
					"@loader_path/Frameworks",
				);
				MARKETING_VERSION = 1.0;
				PRODUCT_BUNDLE_IDENTIFIER = com.example.navigAIdTests;
				PRODUCT_NAME = "$(TARGET_NAME)";
				SWIFT_EMIT_LOC_STRINGS = NO;
				SWIFT_VERSION = 5.0;
				TARGETED_DEVICE_FAMILY = "1,2";
				TEST_HOST = "$(BUILT_PRODUCTS_DIR)/navigAId.app/navigAId";
			};
			name = Release;
		};
		779010DA27383B5F0000EAF1 /* Debug */ = {
			isa = XCBuildConfiguration;
			buildSettings = {
				ALWAYS_EMBED_SWIFT_STANDARD_LIBRARIES = YES;
				CODE_SIGN_STYLE = Automatic;
				CURRENT_PROJECT_VERSION = 1;
				DEVELOPMENT_TEAM = STMR5TU4YP;
				GENERATE_INFOPLIST_FILE = YES;
				LD_RUNPATH_SEARCH_PATHS = (
					"$(inherited)",
					"@executable_path/Frameworks",
					"@loader_path/Frameworks",
				);
				MARKETING_VERSION = 1.0;
				PRODUCT_BUNDLE_IDENTIFIER = com.example.navigAIdUITests;
				PRODUCT_NAME = "$(TARGET_NAME)";
				SWIFT_EMIT_LOC_STRINGS = NO;
				SWIFT_VERSION = 5.0;
				TARGETED_DEVICE_FAMILY = "1,2";
				TEST_TARGET_NAME = navigAId;
			};
			name = Debug;
		};
		779010DB27383B5F0000EAF1 /* Release */ = {
			isa = XCBuildConfiguration;
			buildSettings = {
				ALWAYS_EMBED_SWIFT_STANDARD_LIBRARIES = YES;
				CODE_SIGN_STYLE = Automatic;
				CURRENT_PROJECT_VERSION = 1;
				DEVELOPMENT_TEAM = STMR5TU4YP;
				GENERATE_INFOPLIST_FILE = YES;
				LD_RUNPATH_SEARCH_PATHS = (
					"$(inherited)",
					"@executable_path/Frameworks",
					"@loader_path/Frameworks",
				);
				MARKETING_VERSION = 1.0;
				PRODUCT_BUNDLE_IDENTIFIER = com.example.navigAIdUITests;
				PRODUCT_NAME = "$(TARGET_NAME)";
				SWIFT_EMIT_LOC_STRINGS = NO;
				SWIFT_VERSION = 5.0;
				TARGETED_DEVICE_FAMILY = "1,2";
				TEST_TARGET_NAME = navigAId;
			};
			name = Release;
		};
/* End XCBuildConfiguration section */

/* Begin XCConfigurationList section */
		779010A127383B5D0000EAF1 /* Build configuration list for PBXProject "navigAId" */ = {
			isa = XCConfigurationList;
			buildConfigurations = (
				779010D127383B5F0000EAF1 /* Debug */,
				779010D227383B5F0000EAF1 /* Release */,
			);
			defaultConfigurationIsVisible = 0;
			defaultConfigurationName = Release;
		};
		779010D327383B5F0000EAF1 /* Build configuration list for PBXNativeTarget "navigAId" */ = {
			isa = XCConfigurationList;
			buildConfigurations = (
				779010D427383B5F0000EAF1 /* Debug */,
				779010D527383B5F0000EAF1 /* Release */,
			);
			defaultConfigurationIsVisible = 0;
			defaultConfigurationName = Release;
		};
		779010D627383B5F0000EAF1 /* Build configuration list for PBXNativeTarget "navigAIdTests" */ = {
			isa = XCConfigurationList;
			buildConfigurations = (
				779010D727383B5F0000EAF1 /* Debug */,
				779010D827383B5F0000EAF1 /* Release */,
			);
			defaultConfigurationIsVisible = 0;
			defaultConfigurationName = Release;
		};
		779010D927383B5F0000EAF1 /* Build configuration list for PBXNativeTarget "navigAIdUITests" */ = {
			isa = XCConfigurationList;
			buildConfigurations = (
				779010DA27383B5F0000EAF1 /* Debug */,
				779010DB27383B5F0000EAF1 /* Release */,
			);
			defaultConfigurationIsVisible = 0;
			defaultConfigurationName = Release;
		};
/* End XCConfigurationList section */

/* Begin XCVersionGroup section */
		779010B227383B5E0000EAF1 /* navigAId.xcdatamodeld */ = {
			isa = XCVersionGroup;
			children = (
				779010B327383B5E0000EAF1 /* navigAId.xcdatamodel */,
			);
			currentVersion = 779010B327383B5E0000EAF1 /* navigAId.xcdatamodel */;
			path = navigAId.xcdatamodeld;
			sourceTree = "<group>";
			versionGroupType = wrapper.xcdatamodel;
		};
/* End XCVersionGroup section */
	};
	rootObject = 7790109E27383B5D0000EAF1 /* Project object */;
}
